// !$*UTF8*$!
{
	archiveVersion = 1;
	classes = {
	};
	objectVersion = 56;
	objects = {

/* Begin PBXBuildFile section */
		1CA8397529B0A7BB00D1B67B /* BubbleAnimation2.swift in Sources */ = {isa = PBXBuildFile; fileRef = 1CA8397429B0A7BB00D1B67B /* BubbleAnimation2.swift */; };
		1CA8397929B0B54100D1B67B /* LearningView2.swift in Sources */ = {isa = PBXBuildFile; fileRef = 1CA8397829B0B54100D1B67B /* LearningView2.swift */; };
		1CC79FFD29AF63B60010E005 /* LearningView.swift in Sources */ = {isa = PBXBuildFile; fileRef = 1CC79FFC29AF63B60010E005 /* LearningView.swift */; };
		4514DEE829ADFCBC00A96D4B /* BubbleAnimation.swift in Sources */ = {isa = PBXBuildFile; fileRef = 4514DEE729ADFCBC00A96D4B /* BubbleAnimation.swift */; };
		BC390A8C29A29A3D00DDDEFF /* AudioKit in Frameworks */ = {isa = PBXBuildFile; productRef = BC390A8B29A29A3D00DDDEFF /* AudioKit */; };
		BC390A8F29A29A5400DDDEFF /* SoundpipeAudioKit in Frameworks */ = {isa = PBXBuildFile; productRef = BC390A8E29A29A5400DDDEFF /* SoundpipeAudioKit */; };
		BC390A9429A29BBB00DDDEFF /* VolumeRGBTestView.swift in Sources */ = {isa = PBXBuildFile; fileRef = BC390A9329A29BBB00DDDEFF /* VolumeRGBTestView.swift */; };
		BC9BA07229A7DCF500CCAB68 /* SoundCreator.swift in Sources */ = {isa = PBXBuildFile; fileRef = BC9BA07129A7DCF500CCAB68 /* SoundCreator.swift */; };
		BC9BA07429A7E3E000CCAB68 /* ContentView.swift in Sources */ = {isa = PBXBuildFile; fileRef = BC9BA07329A7E3E000CCAB68 /* ContentView.swift */; };
		BC9BA07629A7E92A00CCAB68 /* TestSoundVM.swift in Sources */ = {isa = PBXBuildFile; fileRef = BC9BA07529A7E92A00CCAB68 /* TestSoundVM.swift */; };
		BCBC31E929ACADE200145CF5 /* Extensions.swift in Sources */ = {isa = PBXBuildFile; fileRef = BCBC31E829ACADE200145CF5 /* Extensions.swift */; };
		BCF44C5429A6A29A00ABE8E0 /* Utilities.swift in Sources */ = {isa = PBXBuildFile; fileRef = BCF44C5329A6A29A00ABE8E0 /* Utilities.swift */; };
		BCF44C5629A6A48500ABE8E0 /* SensationVM.swift in Sources */ = {isa = PBXBuildFile; fileRef = BCF44C5529A6A48500ABE8E0 /* SensationVM.swift */; };
		BCF44C5829A6A9E200ABE8E0 /* ColorExtractor.swift in Sources */ = {isa = PBXBuildFile; fileRef = BCF44C5729A6A9E200ABE8E0 /* ColorExtractor.swift */; };
		BCF44C5A29A6B24300ABE8E0 /* SensationView.swift in Sources */ = {isa = PBXBuildFile; fileRef = BCF44C5929A6B24300ABE8E0 /* SensationView.swift */; };
		C462F1BA299A500C00EE3BB6 /* MC3ProjectApp.swift in Sources */ = {isa = PBXBuildFile; fileRef = C462F1B9299A500C00EE3BB6 /* MC3ProjectApp.swift */; };
		C462F1BE299A500D00EE3BB6 /* Assets.xcassets in Resources */ = {isa = PBXBuildFile; fileRef = C462F1BD299A500D00EE3BB6 /* Assets.xcassets */; };
		C462F1C1299A500D00EE3BB6 /* Preview Assets.xcassets in Resources */ = {isa = PBXBuildFile; fileRef = C462F1C0299A500D00EE3BB6 /* Preview Assets.xcassets */; };
		E98670CB29A8B47D003FD8BB /* MainView.swift in Sources */ = {isa = PBXBuildFile; fileRef = E98670CA29A8B47D003FD8BB /* MainView.swift */; };
/* End PBXBuildFile section */

/* Begin PBXFileReference section */
		1CA8397429B0A7BB00D1B67B /* BubbleAnimation2.swift */ = {isa = PBXFileReference; lastKnownFileType = sourcecode.swift; path = BubbleAnimation2.swift; sourceTree = "<group>"; };
		1CA8397829B0B54100D1B67B /* LearningView2.swift */ = {isa = PBXFileReference; lastKnownFileType = sourcecode.swift; path = LearningView2.swift; sourceTree = "<group>"; };
		1CC79FFC29AF63B60010E005 /* LearningView.swift */ = {isa = PBXFileReference; lastKnownFileType = sourcecode.swift; path = LearningView.swift; sourceTree = "<group>"; };
		4514DEE729ADFCBC00A96D4B /* BubbleAnimation.swift */ = {isa = PBXFileReference; lastKnownFileType = sourcecode.swift; path = BubbleAnimation.swift; sourceTree = "<group>"; };
		BC390A9329A29BBB00DDDEFF /* VolumeRGBTestView.swift */ = {isa = PBXFileReference; lastKnownFileType = sourcecode.swift; path = VolumeRGBTestView.swift; sourceTree = "<group>"; };
		BC9BA07129A7DCF500CCAB68 /* SoundCreator.swift */ = {isa = PBXFileReference; lastKnownFileType = sourcecode.swift; path = SoundCreator.swift; sourceTree = "<group>"; };
		BC9BA07329A7E3E000CCAB68 /* ContentView.swift */ = {isa = PBXFileReference; lastKnownFileType = sourcecode.swift; path = ContentView.swift; sourceTree = "<group>"; };
		BC9BA07529A7E92A00CCAB68 /* TestSoundVM.swift */ = {isa = PBXFileReference; lastKnownFileType = sourcecode.swift; path = TestSoundVM.swift; sourceTree = "<group>"; };
		BCBC31E829ACADE200145CF5 /* Extensions.swift */ = {isa = PBXFileReference; lastKnownFileType = sourcecode.swift; path = Extensions.swift; sourceTree = "<group>"; };
		BCF44C5329A6A29A00ABE8E0 /* Utilities.swift */ = {isa = PBXFileReference; lastKnownFileType = sourcecode.swift; path = Utilities.swift; sourceTree = "<group>"; };
		BCF44C5529A6A48500ABE8E0 /* SensationVM.swift */ = {isa = PBXFileReference; lastKnownFileType = sourcecode.swift; path = SensationVM.swift; sourceTree = "<group>"; };
		BCF44C5729A6A9E200ABE8E0 /* ColorExtractor.swift */ = {isa = PBXFileReference; lastKnownFileType = sourcecode.swift; path = ColorExtractor.swift; sourceTree = "<group>"; };
		BCF44C5929A6B24300ABE8E0 /* SensationView.swift */ = {isa = PBXFileReference; lastKnownFileType = sourcecode.swift; path = SensationView.swift; sourceTree = "<group>"; };
		C462F1B6299A500C00EE3BB6 /* MC3Project.app */ = {isa = PBXFileReference; explicitFileType = wrapper.application; includeInIndex = 0; path = MC3Project.app; sourceTree = BUILT_PRODUCTS_DIR; };
		C462F1B9299A500C00EE3BB6 /* MC3ProjectApp.swift */ = {isa = PBXFileReference; lastKnownFileType = sourcecode.swift; path = MC3ProjectApp.swift; sourceTree = "<group>"; };
		C462F1BD299A500D00EE3BB6 /* Assets.xcassets */ = {isa = PBXFileReference; lastKnownFileType = folder.assetcatalog; path = Assets.xcassets; sourceTree = "<group>"; };
		C462F1C0299A500D00EE3BB6 /* Preview Assets.xcassets */ = {isa = PBXFileReference; lastKnownFileType = folder.assetcatalog; path = "Preview Assets.xcassets"; sourceTree = "<group>"; };
		E98670CA29A8B47D003FD8BB /* MainView.swift */ = {isa = PBXFileReference; lastKnownFileType = sourcecode.swift; path = MainView.swift; sourceTree = "<group>"; };
/* End PBXFileReference section */

/* Begin PBXFrameworksBuildPhase section */
		C462F1B3299A500C00EE3BB6 /* Frameworks */ = {
			isa = PBXFrameworksBuildPhase;
			buildActionMask = 2147483647;
			files = (
				BC390A8F29A29A5400DDDEFF /* SoundpipeAudioKit in Frameworks */,
				BC390A8C29A29A3D00DDDEFF /* AudioKit in Frameworks */,
			);
			runOnlyForDeploymentPostprocessing = 0;
		};
/* End PBXFrameworksBuildPhase section */

/* Begin PBXGroup section */
		BCF44C5029A69FBA00ABE8E0 /* Models */ = {
			isa = PBXGroup;
			children = (
				BCF44C5329A6A29A00ABE8E0 /* Utilities.swift */,
				BCF44C5729A6A9E200ABE8E0 /* ColorExtractor.swift */,
				BC9BA07129A7DCF500CCAB68 /* SoundCreator.swift */,
			);
			path = Models;
			sourceTree = "<group>";
		};
		BCF44C5129A69FCA00ABE8E0 /* Views */ = {
			isa = PBXGroup;
			children = (
				BCF44C5929A6B24300ABE8E0 /* SensationView.swift */,
				BC9BA07329A7E3E000CCAB68 /* ContentView.swift */,
				BC390A9329A29BBB00DDDEFF /* VolumeRGBTestView.swift */,
				1CC79FFC29AF63B60010E005 /* LearningView.swift */,
				1CA8397829B0B54100D1B67B /* LearningView2.swift */,
				E98670CA29A8B47D003FD8BB /* MainView.swift */,
			);
			path = Views;
			sourceTree = "<group>";
		};
		BCF44C5229A69FF900ABE8E0 /* ViewModels */ = {
			isa = PBXGroup;
			children = (
				BCF44C5529A6A48500ABE8E0 /* SensationVM.swift */,
				BC9BA07529A7E92A00CCAB68 /* TestSoundVM.swift */,
				4514DEE729ADFCBC00A96D4B /* BubbleAnimation.swift */,
				1CA8397429B0A7BB00D1B67B /* BubbleAnimation2.swift */,
			);
			path = ViewModels;
			sourceTree = "<group>";
		};
		C462F1AD299A500C00EE3BB6 = {
			isa = PBXGroup;
			children = (
				C462F1B8299A500C00EE3BB6 /* MC3Project */,
				C462F1B7299A500C00EE3BB6 /* Products */,
			);
			sourceTree = "<group>";
		};
		C462F1B7299A500C00EE3BB6 /* Products */ = {
			isa = PBXGroup;
			children = (
				C462F1B6299A500C00EE3BB6 /* MC3Project.app */,
			);
			name = Products;
			sourceTree = "<group>";
		};
		C462F1B8299A500C00EE3BB6 /* MC3Project */ = {
			isa = PBXGroup;
			children = (
				BCF44C5229A69FF900ABE8E0 /* ViewModels */,
				BCF44C5129A69FCA00ABE8E0 /* Views */,
				BCF44C5029A69FBA00ABE8E0 /* Models */,
				C462F1B9299A500C00EE3BB6 /* MC3ProjectApp.swift */,
				C462F1BD299A500D00EE3BB6 /* Assets.xcassets */,
				C462F1BF299A500D00EE3BB6 /* Preview Content */,
				BCBC31E829ACADE200145CF5 /* Extensions.swift */,
			);
			path = MC3Project;
			sourceTree = "<group>";
		};
		C462F1BF299A500D00EE3BB6 /* Preview Content */ = {
			isa = PBXGroup;
			children = (
				C462F1C0299A500D00EE3BB6 /* Preview Assets.xcassets */,
			);
			path = "Preview Content";
			sourceTree = "<group>";
		};
/* End PBXGroup section */

/* Begin PBXNativeTarget section */
		C462F1B5299A500C00EE3BB6 /* MC3Project */ = {
			isa = PBXNativeTarget;
			buildConfigurationList = C462F1C4299A500D00EE3BB6 /* Build configuration list for PBXNativeTarget "MC3Project" */;
			buildPhases = (
				C462F1B2299A500C00EE3BB6 /* Sources */,
				C462F1B3299A500C00EE3BB6 /* Frameworks */,
				C462F1B4299A500C00EE3BB6 /* Resources */,
			);
			buildRules = (
			);
			dependencies = (
			);
			name = MC3Project;
			packageProductDependencies = (
				BC390A8B29A29A3D00DDDEFF /* AudioKit */,
				BC390A8E29A29A5400DDDEFF /* SoundpipeAudioKit */,
			);
			productName = MC3Project;
			productReference = C462F1B6299A500C00EE3BB6 /* MC3Project.app */;
			productType = "com.apple.product-type.application";
		};
/* End PBXNativeTarget section */

/* Begin PBXProject section */
		C462F1AE299A500C00EE3BB6 /* Project object */ = {
			isa = PBXProject;
			attributes = {
				BuildIndependentTargetsInParallel = 1;
				LastSwiftUpdateCheck = 1420;
				LastUpgradeCheck = 1420;
				TargetAttributes = {
					C462F1B5299A500C00EE3BB6 = {
						CreatedOnToolsVersion = 14.2;
					};
				};
			};
			buildConfigurationList = C462F1B1299A500C00EE3BB6 /* Build configuration list for PBXProject "MC3Project" */;
			compatibilityVersion = "Xcode 14.0";
			developmentRegion = en;
			hasScannedForEncodings = 0;
			knownRegions = (
				en,
				Base,
			);
			mainGroup = C462F1AD299A500C00EE3BB6;
			packageReferences = (
				BC390A8A29A29A3D00DDDEFF /* XCRemoteSwiftPackageReference "AudioKit" */,
				BC390A8D29A29A5400DDDEFF /* XCRemoteSwiftPackageReference "SoundpipeAudioKit" */,
			);
			productRefGroup = C462F1B7299A500C00EE3BB6 /* Products */;
			projectDirPath = "";
			projectRoot = "";
			targets = (
				C462F1B5299A500C00EE3BB6 /* MC3Project */,
			);
		};
/* End PBXProject section */

/* Begin PBXResourcesBuildPhase section */
		C462F1B4299A500C00EE3BB6 /* Resources */ = {
			isa = PBXResourcesBuildPhase;
			buildActionMask = 2147483647;
			files = (
				C462F1C1299A500D00EE3BB6 /* Preview Assets.xcassets in Resources */,
				C462F1BE299A500D00EE3BB6 /* Assets.xcassets in Resources */,
			);
			runOnlyForDeploymentPostprocessing = 0;
		};
/* End PBXResourcesBuildPhase section */

/* Begin PBXSourcesBuildPhase section */
		C462F1B2299A500C00EE3BB6 /* Sources */ = {
			isa = PBXSourcesBuildPhase;
			buildActionMask = 2147483647;
			files = (
				1CC79FFD29AF63B60010E005 /* LearningView.swift in Sources */,
				BCF44C5429A6A29A00ABE8E0 /* Utilities.swift in Sources */,
				BC9BA07229A7DCF500CCAB68 /* SoundCreator.swift in Sources */,
				1CA8397529B0A7BB00D1B67B /* BubbleAnimation2.swift in Sources */,
				BCF44C5829A6A9E200ABE8E0 /* ColorExtractor.swift in Sources */,
				E98670CB29A8B47D003FD8BB /* MainView.swift in Sources */,
				4514DEE829ADFCBC00A96D4B /* BubbleAnimation.swift in Sources */,
				BC390A9429A29BBB00DDDEFF /* VolumeRGBTestView.swift in Sources */,
				BCF44C5A29A6B24300ABE8E0 /* SensationView.swift in Sources */,
				BCBC31E929ACADE200145CF5 /* Extensions.swift in Sources */,
				BC9BA07629A7E92A00CCAB68 /* TestSoundVM.swift in Sources */,
				1CA8397929B0B54100D1B67B /* LearningView2.swift in Sources */,
				BC9BA07429A7E3E000CCAB68 /* ContentView.swift in Sources */,
				BCF44C5629A6A48500ABE8E0 /* SensationVM.swift in Sources */,
				C462F1BA299A500C00EE3BB6 /* MC3ProjectApp.swift in Sources */,
			);
			runOnlyForDeploymentPostprocessing = 0;
		};
/* End PBXSourcesBuildPhase section */

/* Begin XCBuildConfiguration section */
		C462F1C2299A500D00EE3BB6 /* Debug */ = {
			isa = XCBuildConfiguration;
			buildSettings = {
				ALWAYS_SEARCH_USER_PATHS = NO;
				CLANG_ANALYZER_NONNULL = YES;
				CLANG_ANALYZER_NUMBER_OBJECT_CONVERSION = YES_AGGRESSIVE;
				CLANG_CXX_LANGUAGE_STANDARD = "gnu++20";
				CLANG_ENABLE_MODULES = YES;
				CLANG_ENABLE_OBJC_ARC = YES;
				CLANG_ENABLE_OBJC_WEAK = YES;
				CLANG_WARN_BLOCK_CAPTURE_AUTORELEASING = YES;
				CLANG_WARN_BOOL_CONVERSION = YES;
				CLANG_WARN_COMMA = YES;
				CLANG_WARN_CONSTANT_CONVERSION = YES;
				CLANG_WARN_DEPRECATED_OBJC_IMPLEMENTATIONS = YES;
				CLANG_WARN_DIRECT_OBJC_ISA_USAGE = YES_ERROR;
				CLANG_WARN_DOCUMENTATION_COMMENTS = YES;
				CLANG_WARN_EMPTY_BODY = YES;
				CLANG_WARN_ENUM_CONVERSION = YES;
				CLANG_WARN_INFINITE_RECURSION = YES;
				CLANG_WARN_INT_CONVERSION = YES;
				CLANG_WARN_NON_LITERAL_NULL_CONVERSION = YES;
				CLANG_WARN_OBJC_IMPLICIT_RETAIN_SELF = YES;
				CLANG_WARN_OBJC_LITERAL_CONVERSION = YES;
				CLANG_WARN_OBJC_ROOT_CLASS = YES_ERROR;
				CLANG_WARN_QUOTED_INCLUDE_IN_FRAMEWORK_HEADER = YES;
				CLANG_WARN_RANGE_LOOP_ANALYSIS = YES;
				CLANG_WARN_STRICT_PROTOTYPES = YES;
				CLANG_WARN_SUSPICIOUS_MOVE = YES;
				CLANG_WARN_UNGUARDED_AVAILABILITY = YES_AGGRESSIVE;
				CLANG_WARN_UNREACHABLE_CODE = YES;
				CLANG_WARN__DUPLICATE_METHOD_MATCH = YES;
				COPY_PHASE_STRIP = NO;
				DEBUG_INFORMATION_FORMAT = dwarf;
				ENABLE_STRICT_OBJC_MSGSEND = YES;
				ENABLE_TESTABILITY = YES;
				GCC_C_LANGUAGE_STANDARD = gnu11;
				GCC_DYNAMIC_NO_PIC = NO;
				GCC_NO_COMMON_BLOCKS = YES;
				GCC_OPTIMIZATION_LEVEL = 0;
				GCC_PREPROCESSOR_DEFINITIONS = (
					"DEBUG=1",
					"$(inherited)",
				);
				GCC_WARN_64_TO_32_BIT_CONVERSION = YES;
				GCC_WARN_ABOUT_RETURN_TYPE = YES_ERROR;
				GCC_WARN_UNDECLARED_SELECTOR = YES;
				GCC_WARN_UNINITIALIZED_AUTOS = YES_AGGRESSIVE;
				GCC_WARN_UNUSED_FUNCTION = YES;
				GCC_WARN_UNUSED_VARIABLE = YES;
				IPHONEOS_DEPLOYMENT_TARGET = 16.2;
				MTL_ENABLE_DEBUG_INFO = INCLUDE_SOURCE;
				MTL_FAST_MATH = YES;
				ONLY_ACTIVE_ARCH = YES;
				SDKROOT = iphoneos;
				SWIFT_ACTIVE_COMPILATION_CONDITIONS = DEBUG;
				SWIFT_OPTIMIZATION_LEVEL = "-Onone";
			};
			name = Debug;
		};
		C462F1C3299A500D00EE3BB6 /* Release */ = {
			isa = XCBuildConfiguration;
			buildSettings = {
				ALWAYS_SEARCH_USER_PATHS = NO;
				CLANG_ANALYZER_NONNULL = YES;
				CLANG_ANALYZER_NUMBER_OBJECT_CONVERSION = YES_AGGRESSIVE;
				CLANG_CXX_LANGUAGE_STANDARD = "gnu++20";
				CLANG_ENABLE_MODULES = YES;
				CLANG_ENABLE_OBJC_ARC = YES;
				CLANG_ENABLE_OBJC_WEAK = YES;
				CLANG_WARN_BLOCK_CAPTURE_AUTORELEASING = YES;
				CLANG_WARN_BOOL_CONVERSION = YES;
				CLANG_WARN_COMMA = YES;
				CLANG_WARN_CONSTANT_CONVERSION = YES;
				CLANG_WARN_DEPRECATED_OBJC_IMPLEMENTATIONS = YES;
				CLANG_WARN_DIRECT_OBJC_ISA_USAGE = YES_ERROR;
				CLANG_WARN_DOCUMENTATION_COMMENTS = YES;
				CLANG_WARN_EMPTY_BODY = YES;
				CLANG_WARN_ENUM_CONVERSION = YES;
				CLANG_WARN_INFINITE_RECURSION = YES;
				CLANG_WARN_INT_CONVERSION = YES;
				CLANG_WARN_NON_LITERAL_NULL_CONVERSION = YES;
				CLANG_WARN_OBJC_IMPLICIT_RETAIN_SELF = YES;
				CLANG_WARN_OBJC_LITERAL_CONVERSION = YES;
				CLANG_WARN_OBJC_ROOT_CLASS = YES_ERROR;
				CLANG_WARN_QUOTED_INCLUDE_IN_FRAMEWORK_HEADER = YES;
				CLANG_WARN_RANGE_LOOP_ANALYSIS = YES;
				CLANG_WARN_STRICT_PROTOTYPES = YES;
				CLANG_WARN_SUSPICIOUS_MOVE = YES;
				CLANG_WARN_UNGUARDED_AVAILABILITY = YES_AGGRESSIVE;
				CLANG_WARN_UNREACHABLE_CODE = YES;
				CLANG_WARN__DUPLICATE_METHOD_MATCH = YES;
				COPY_PHASE_STRIP = NO;
				DEBUG_INFORMATION_FORMAT = "dwarf-with-dsym";
				ENABLE_NS_ASSERTIONS = NO;
				ENABLE_STRICT_OBJC_MSGSEND = YES;
				GCC_C_LANGUAGE_STANDARD = gnu11;
				GCC_NO_COMMON_BLOCKS = YES;
				GCC_WARN_64_TO_32_BIT_CONVERSION = YES;
				GCC_WARN_ABOUT_RETURN_TYPE = YES_ERROR;
				GCC_WARN_UNDECLARED_SELECTOR = YES;
				GCC_WARN_UNINITIALIZED_AUTOS = YES_AGGRESSIVE;
				GCC_WARN_UNUSED_FUNCTION = YES;
				GCC_WARN_UNUSED_VARIABLE = YES;
				IPHONEOS_DEPLOYMENT_TARGET = 16.2;
				MTL_ENABLE_DEBUG_INFO = NO;
				MTL_FAST_MATH = YES;
				SDKROOT = iphoneos;
				SWIFT_COMPILATION_MODE = wholemodule;
				SWIFT_OPTIMIZATION_LEVEL = "-O";
				VALIDATE_PRODUCT = YES;
			};
			name = Release;
		};
		C462F1C5299A500D00EE3BB6 /* Debug */ = {
			isa = XCBuildConfiguration;
			buildSettings = {
				ASSETCATALOG_COMPILER_APPICON_NAME = AppIcon;
				ASSETCATALOG_COMPILER_GLOBAL_ACCENT_COLOR_NAME = AccentColor;
				ASSETCATALOG_COMPILER_INCLUDE_ALL_APPICON_ASSETS = YES;
				CODE_SIGN_STYLE = Automatic;
				CURRENT_PROJECT_VERSION = 1;
				DEVELOPMENT_ASSET_PATHS = "\"MC3Project/Preview Content\"";
				DEVELOPMENT_TEAM = A653B885WN;
				ENABLE_PREVIEWS = YES;
				GENERATE_INFOPLIST_FILE = YES;
				INFOPLIST_KEY_CFBundleDisplayName = ChromaWave;
				INFOPLIST_KEY_UIApplicationSceneManifest_Generation = YES;
				INFOPLIST_KEY_UIApplicationSupportsIndirectInputEvents = YES;
				INFOPLIST_KEY_UILaunchScreen_Generation = YES;
				INFOPLIST_KEY_UISupportedInterfaceOrientations_iPad = "UIInterfaceOrientationPortrait UIInterfaceOrientationPortraitUpsideDown UIInterfaceOrientationLandscapeLeft UIInterfaceOrientationLandscapeRight";
				INFOPLIST_KEY_UISupportedInterfaceOrientations_iPhone = "UIInterfaceOrientationPortrait UIInterfaceOrientationLandscapeLeft UIInterfaceOrientationLandscapeRight";
				LD_RUNPATH_SEARCH_PATHS = (
					"$(inherited)",
					"@executable_path/Frameworks",
				);
				MARKETING_VERSION = 0.1;
				PRODUCT_BUNDLE_IDENTIFIER = com.developeracademy.colorproofs.chromawave;
				PRODUCT_NAME = "$(TARGET_NAME)";
				SWIFT_EMIT_LOC_STRINGS = YES;
				SWIFT_VERSION = 5.0;
				TARGETED_DEVICE_FAMILY = "1,2";
			};
			name = Debug;
		};
		C462F1C6299A500D00EE3BB6 /* Release */ = {
			isa = XCBuildConfiguration;
			buildSettings = {
				ASSETCATALOG_COMPILER_APPICON_NAME = AppIcon;
				ASSETCATALOG_COMPILER_GLOBAL_ACCENT_COLOR_NAME = AccentColor;
				ASSETCATALOG_COMPILER_INCLUDE_ALL_APPICON_ASSETS = YES;
				CODE_SIGN_STYLE = Automatic;
				CURRENT_PROJECT_VERSION = 1;
				DEVELOPMENT_ASSET_PATHS = "\"MC3Project/Preview Content\"";
				DEVELOPMENT_TEAM = A653B885WN;
				ENABLE_PREVIEWS = YES;
				GENERATE_INFOPLIST_FILE = YES;
				INFOPLIST_KEY_CFBundleDisplayName = ChromaWave;
				INFOPLIST_KEY_UIApplicationSceneManifest_Generation = YES;
				INFOPLIST_KEY_UIApplicationSupportsIndirectInputEvents = YES;
				INFOPLIST_KEY_UILaunchScreen_Generation = YES;
				INFOPLIST_KEY_UISupportedInterfaceOrientations_iPad = "UIInterfaceOrientationPortrait UIInterfaceOrientationPortraitUpsideDown UIInterfaceOrientationLandscapeLeft UIInterfaceOrientationLandscapeRight";
				INFOPLIST_KEY_UISupportedInterfaceOrientations_iPhone = "UIInterfaceOrientationPortrait UIInterfaceOrientationLandscapeLeft UIInterfaceOrientationLandscapeRight";
				LD_RUNPATH_SEARCH_PATHS = (
					"$(inherited)",
					"@executable_path/Frameworks",
				);
				MARKETING_VERSION = 0.1;
				PRODUCT_BUNDLE_IDENTIFIER = com.developeracademy.colorproofs.chromawave;
				PRODUCT_NAME = "$(TARGET_NAME)";
				SWIFT_EMIT_LOC_STRINGS = YES;
				SWIFT_VERSION = 5.0;
				TARGETED_DEVICE_FAMILY = "1,2";
			};
			name = Release;
		};
/* End XCBuildConfiguration section */

/* Begin XCConfigurationList section */
		C462F1B1299A500C00EE3BB6 /* Build configuration list for PBXProject "MC3Project" */ = {
			isa = XCConfigurationList;
			buildConfigurations = (
				C462F1C2299A500D00EE3BB6 /* Debug */,
				C462F1C3299A500D00EE3BB6 /* Release */,
			);
			defaultConfigurationIsVisible = 0;
			defaultConfigurationName = Release;
		};
		C462F1C4299A500D00EE3BB6 /* Build configuration list for PBXNativeTarget "MC3Project" */ = {
			isa = XCConfigurationList;
			buildConfigurations = (
				C462F1C5299A500D00EE3BB6 /* Debug */,
				C462F1C6299A500D00EE3BB6 /* Release */,
			);
			defaultConfigurationIsVisible = 0;
			defaultConfigurationName = Release;
		};
/* End XCConfigurationList section */

/* Begin XCRemoteSwiftPackageReference section */
		BC390A8A29A29A3D00DDDEFF /* XCRemoteSwiftPackageReference "AudioKit" */ = {
			isa = XCRemoteSwiftPackageReference;
			repositoryURL = "https://github.com/AudioKit/AudioKit.git";
			requirement = {
				kind = upToNextMajorVersion;
				minimumVersion = 5.0.0;
			};
		};
		BC390A8D29A29A5400DDDEFF /* XCRemoteSwiftPackageReference "SoundpipeAudioKit" */ = {
			isa = XCRemoteSwiftPackageReference;
			repositoryURL = "https://github.com/AudioKit/SoundpipeAudioKit.git";
			requirement = {
				kind = upToNextMajorVersion;
				minimumVersion = 5.0.0;
			};
		};
/* End XCRemoteSwiftPackageReference section */

/* Begin XCSwiftPackageProductDependency section */
		BC390A8B29A29A3D00DDDEFF /* AudioKit */ = {
			isa = XCSwiftPackageProductDependency;
			package = BC390A8A29A29A3D00DDDEFF /* XCRemoteSwiftPackageReference "AudioKit" */;
			productName = AudioKit;
		};
		BC390A8E29A29A5400DDDEFF /* SoundpipeAudioKit */ = {
			isa = XCSwiftPackageProductDependency;
			package = BC390A8D29A29A5400DDDEFF /* XCRemoteSwiftPackageReference "SoundpipeAudioKit" */;
			productName = SoundpipeAudioKit;
		};
/* End XCSwiftPackageProductDependency section */
	};
	rootObject = C462F1AE299A500C00EE3BB6 /* Project object */;
}
